
Microsoft Visual Studio Solution File, Format Version 12.00
# Visual Studio 15
VisualStudioVersion = 15.0.27428.2015
MinimumVisualStudioVersion = 10.0.40219.1
Project("{FAE04EC0-301F-11D3-BF4B-00C04F79EFBC}") = "Scraper Parts", "Scraper Parts\Scraper Parts.csproj", "{37953EA4-A5D6-4D8F-9CE5-8F21507E26DD}"
EndProject
Global
	GlobalSection(SolutionConfigurationPlatforms) = preSolution
		Debug|Any CPU = Debug|Any CPU
		Release|Any CPU = Release|Any CPU
	EndGlobalSection
	GlobalSection(ProjectConfigurationPlatforms) = postSolution
		{37953EA4-A5D6-4D8F-9CE5-8F21507E26DD}.Debug|Any CPU.ActiveCfg = Debug|Any CPU
		{37953EA4-A5D6-4D8F-9CE5-8F21507E26DD}.Debug|Any CPU.Build.0 = Debug|Any CPU
		{37953EA4-A5D6-4D8F-9CE5-8F21507E26DD}.Release|Any CPU.ActiveCfg = Release|Any CPU
		{37953EA4-A5D6-4D8F-9CE5-8F21507E26DD}.Release|Any CPU.Build.0 = Release|Any CPU
	EndGlobalSection
	GlobalSection(SolutionProperties) = preSolution
		HideSolutionNode = FALSE
	EndGlobalSection
	GlobalSection(ExtensibilityGlobals) = postSolution
		SolutionGuid = {4EA1F913-6D5B-4294-B9BB-9A7C372E13EA}
	EndGlobalSection
EndGlobal
